
Microsoft Visual Studio Solution File, Format Version 12.00
# Visual Studio Version 17
VisualStudioVersion = 17.10.35122.118
MinimumVisualStudioVersion = 10.0.40219.1
Project("{9A19103F-16F7-4668-BE54-9A1E7A4F7556}") = "PaymentSwitch.Infrastructure", "PaymentSwitch.Infrastructure\PaymentSwitch.Infrastructure.csproj", "{139D4403-362D-41BB-9118-C5C26238ECAD}"
EndProject
Project("{2150E333-8FDC-42A3-9474-1A3956D46DE8}") = "Core", "Core", "{331528CB-9CFB-41C1-A89D-9A644EC55DCD}"
EndProject
Project("{9A19103F-16F7-4668-BE54-9A1E7A4F7556}") = "PaymentSwitch.Application", "PaymentSwitch.Application\PaymentSwitch.Application.csproj", "{022D1B55-915F-442C-B8B6-59C8A617928D}"
EndProject
Project("{9A19103F-16F7-4668-BE54-9A1E7A4F7556}") = "PaymentSwitch.Domain", "PaymentSwitch.Domain\PaymentSwitch.Domain.csproj", "{8C7854C2-2DB6-4731-974F-4E259DC33F62}"
EndProject
Project("{2150E333-8FDC-42A3-9474-1A3956D46DE8}") = "Presentation", "Presentation", "{F948E707-C428-46E1-A82D-3739E128E169}"
EndProject
Project("{9A19103F-16F7-4668-BE54-9A1E7A4F7556}") = "PaymentSwitch.Test", "PaymentSwitch.Test\PaymentSwitch.Test.csproj", "{4FBB09CF-0C19-404D-BA81-C9D4FE776061}"
EndProject
Global
	GlobalSection(SolutionConfigurationPlatforms) = preSolution
		Debug|Any CPU = Debug|Any CPU
		Release|Any CPU = Release|Any CPU
	EndGlobalSection
	GlobalSection(ProjectConfigurationPlatforms) = postSolution
		{139D4403-362D-41BB-9118-C5C26238ECAD}.Debug|Any CPU.ActiveCfg = Debug|Any CPU
		{139D4403-362D-41BB-9118-C5C26238ECAD}.Debug|Any CPU.Build.0 = Debug|Any CPU
		{139D4403-362D-41BB-9118-C5C26238ECAD}.Release|Any CPU.ActiveCfg = Release|Any CPU
		{139D4403-362D-41BB-9118-C5C26238ECAD}.Release|Any CPU.Build.0 = Release|Any CPU
		{022D1B55-915F-442C-B8B6-59C8A617928D}.Debug|Any CPU.ActiveCfg = Debug|Any CPU
		{022D1B55-915F-442C-B8B6-59C8A617928D}.Debug|Any CPU.Build.0 = Debug|Any CPU
		{022D1B55-915F-442C-B8B6-59C8A617928D}.Release|Any CPU.ActiveCfg = Release|Any CPU
		{022D1B55-915F-442C-B8B6-59C8A617928D}.Release|Any CPU.Build.0 = Release|Any CPU
		{8C7854C2-2DB6-4731-974F-4E259DC33F62}.Debug|Any CPU.ActiveCfg = Debug|Any CPU
		{8C7854C2-2DB6-4731-974F-4E259DC33F62}.Debug|Any CPU.Build.0 = Debug|Any CPU
		{8C7854C2-2DB6-4731-974F-4E259DC33F62}.Release|Any CPU.ActiveCfg = Release|Any CPU
		{8C7854C2-2DB6-4731-974F-4E259DC33F62}.Release|Any CPU.Build.0 = Release|Any CPU
		{4FBB09CF-0C19-404D-BA81-C9D4FE776061}.Debug|Any CPU.ActiveCfg = Debug|Any CPU
		{4FBB09CF-0C19-404D-BA81-C9D4FE776061}.Debug|Any CPU.Build.0 = Debug|Any CPU
		{4FBB09CF-0C19-404D-BA81-C9D4FE776061}.Release|Any CPU.ActiveCfg = Release|Any CPU
		{4FBB09CF-0C19-404D-BA81-C9D4FE776061}.Release|Any CPU.Build.0 = Release|Any CPU
	EndGlobalSection
	GlobalSection(SolutionProperties) = preSolution
		HideSolutionNode = FALSE
	EndGlobalSection
	GlobalSection(NestedProjects) = preSolution
		{139D4403-362D-41BB-9118-C5C26238ECAD} = {331528CB-9CFB-41C1-A89D-9A644EC55DCD}
		{022D1B55-915F-442C-B8B6-59C8A617928D} = {331528CB-9CFB-41C1-A89D-9A644EC55DCD}
		{8C7854C2-2DB6-4731-974F-4E259DC33F62} = {331528CB-9CFB-41C1-A89D-9A644EC55DCD}
		{4FBB09CF-0C19-404D-BA81-C9D4FE776061} = {F948E707-C428-46E1-A82D-3739E128E169}
	EndGlobalSection
	GlobalSection(ExtensibilityGlobals) = postSolution
		SolutionGuid = {0A123F83-A29A-4E5B-9177-C4E4C3CB0649}
	EndGlobalSection
EndGlobal
